// !$*UTF8*$!
{
	archiveVersion = 1;
	classes = {
	};
	objectVersion = 56;
	objects = {

/* Begin PBXBuildFile section */
		CF59E8112BFD78B00030BEFF /* AppDelegate.swift in Sources */ = {isa = PBXBuildFile; fileRef = CF59E8102BFD78B00030BEFF /* AppDelegate.swift */; };
		CF59E8132BFD78B00030BEFF /* SceneDelegate.swift in Sources */ = {isa = PBXBuildFile; fileRef = CF59E8122BFD78B00030BEFF /* SceneDelegate.swift */; };
		CF59E8152BFD78B00030BEFF /* ViewController.swift in Sources */ = {isa = PBXBuildFile; fileRef = CF59E8142BFD78B00030BEFF /* ViewController.swift */; };
		CF59E8182BFD78B00030BEFF /* Main.storyboard in Resources */ = {isa = PBXBuildFile; fileRef = CF59E8162BFD78B00030BEFF /* Main.storyboard */; };
		CF59E81A2BFD78B20030BEFF /* Assets.xcassets in Resources */ = {isa = PBXBuildFile; fileRef = CF59E8192BFD78B20030BEFF /* Assets.xcassets */; };
		CF59E81D2BFD78B20030BEFF /* LaunchScreen.storyboard in Resources */ = {isa = PBXBuildFile; fileRef = CF59E81B2BFD78B20030BEFF /* LaunchScreen.storyboard */; };
		CF59E8282BFD78B20030BEFF /* testingTests.swift in Sources */ = {isa = PBXBuildFile; fileRef = CF59E8272BFD78B20030BEFF /* testingTests.swift */; };
		CF59E8322BFD78B30030BEFF /* testingUITests.swift in Sources */ = {isa = PBXBuildFile; fileRef = CF59E8312BFD78B30030BEFF /* testingUITests.swift */; };
		CF59E8342BFD78B30030BEFF /* testingUITestsLaunchTests.swift in Sources */ = {isa = PBXBuildFile; fileRef = CF59E8332BFD78B30030BEFF /* testingUITestsLaunchTests.swift */; };
/* End PBXBuildFile section */

/* Begin PBXContainerItemProxy section */
		CF59E8242BFD78B20030BEFF /* PBXContainerItemProxy */ = {
			isa = PBXContainerItemProxy;
			containerPortal = CF59E8052BFD78B00030BEFF /* Project object */;
			proxyType = 1;
			remoteGlobalIDString = CF59E80C2BFD78B00030BEFF;
			remoteInfo = testing;
		};
		CF59E82E2BFD78B30030BEFF /* PBXContainerItemProxy */ = {
			isa = PBXContainerItemProxy;
			containerPortal = CF59E8052BFD78B00030BEFF /* Project object */;
			proxyType = 1;
			remoteGlobalIDString = CF59E80C2BFD78B00030BEFF;
			remoteInfo = testing;
		};
/* End PBXContainerItemProxy section */

/* Begin PBXFileReference section */
		CF59E80D2BFD78B00030BEFF /* testing.app */ = {isa = PBXFileReference; explicitFileType = wrapper.application; includeInIndex = 0; path = testing.app; sourceTree = BUILT_PRODUCTS_DIR; };
		CF59E8102BFD78B00030BEFF /* AppDelegate.swift */ = {isa = PBXFileReference; lastKnownFileType = sourcecode.swift; path = AppDelegate.swift; sourceTree = "<group>"; };
		CF59E8122BFD78B00030BEFF /* SceneDelegate.swift */ = {isa = PBXFileReference; lastKnownFileType = sourcecode.swift; path = SceneDelegate.swift; sourceTree = "<group>"; };
		CF59E8142BFD78B00030BEFF /* ViewController.swift */ = {isa = PBXFileReference; lastKnownFileType = sourcecode.swift; path = ViewController.swift; sourceTree = "<group>"; };
		CF59E8172BFD78B00030BEFF /* Base */ = {isa = PBXFileReference; lastKnownFileType = file.storyboard; name = Base; path = Base.lproj/Main.storyboard; sourceTree = "<group>"; };
		CF59E8192BFD78B20030BEFF /* Assets.xcassets */ = {isa = PBXFileReference; lastKnownFileType = folder.assetcatalog; path = Assets.xcassets; sourceTree = "<group>"; };
		CF59E81C2BFD78B20030BEFF /* Base */ = {isa = PBXFileReference; lastKnownFileType = file.storyboard; name = Base; path = Base.lproj/LaunchScreen.storyboard; sourceTree = "<group>"; };
		CF59E81E2BFD78B20030BEFF /* Info.plist */ = {isa = PBXFileReference; lastKnownFileType = text.plist.xml; path = Info.plist; sourceTree = "<group>"; };
		CF59E8232BFD78B20030BEFF /* testingTests.xctest */ = {isa = PBXFileReference; explicitFileType = wrapper.cfbundle; includeInIndex = 0; path = testingTests.xctest; sourceTree = BUILT_PRODUCTS_DIR; };
		CF59E8272BFD78B20030BEFF /* testingTests.swift */ = {isa = PBXFileReference; lastKnownFileType = sourcecode.swift; path = testingTests.swift; sourceTree = "<group>"; };
		CF59E82D2BFD78B30030BEFF /* testingUITests.xctest */ = {isa = PBXFileReference; explicitFileType = wrapper.cfbundle; includeInIndex = 0; path = testingUITests.xctest; sourceTree = BUILT_PRODUCTS_DIR; };
		CF59E8312BFD78B30030BEFF /* testingUITests.swift */ = {isa = PBXFileReference; lastKnownFileType = sourcecode.swift; path = testingUITests.swift; sourceTree = "<group>"; };
		CF59E8332BFD78B30030BEFF /* testingUITestsLaunchTests.swift */ = {isa = PBXFileReference; lastKnownFileType = sourcecode.swift; path = testingUITestsLaunchTests.swift; sourceTree = "<group>"; };
/* End PBXFileReference section */

/* Begin PBXFrameworksBuildPhase section */
		CF59E80A2BFD78B00030BEFF /* Frameworks */ = {
			isa = PBXFrameworksBuildPhase;
			buildActionMask = 2147483647;
			files = (
			);
			runOnlyForDeploymentPostprocessing = 0;
		};
		CF59E8202BFD78B20030BEFF /* Frameworks */ = {
			isa = PBXFrameworksBuildPhase;
			buildActionMask = 2147483647;
			files = (
			);
			runOnlyForDeploymentPostprocessing = 0;
		};
		CF59E82A2BFD78B30030BEFF /* Frameworks */ = {
			isa = PBXFrameworksBuildPhase;
			buildActionMask = 2147483647;
			files = (
			);
			runOnlyForDeploymentPostprocessing = 0;
		};
/* End PBXFrameworksBuildPhase section */

/* Begin PBXGroup section */
		CF59E8042BFD78B00030BEFF = {
			isa = PBXGroup;
			children = (
				CF59E80F2BFD78B00030BEFF /* testing */,
				CF59E8262BFD78B20030BEFF /* testingTests */,
				CF59E8302BFD78B30030BEFF /* testingUITests */,
				CF59E80E2BFD78B00030BEFF /* Products */,
			);
			sourceTree = "<group>";
		};
		CF59E80E2BFD78B00030BEFF /* Products */ = {
			isa = PBXGroup;
			children = (
				CF59E80D2BFD78B00030BEFF /* testing.app */,
				CF59E8232BFD78B20030BEFF /* testingTests.xctest */,
				CF59E82D2BFD78B30030BEFF /* testingUITests.xctest */,
			);
			name = Products;
			sourceTree = "<group>";
		};
		CF59E80F2BFD78B00030BEFF /* testing */ = {
			isa = PBXGroup;
			children = (
				CF59E8102BFD78B00030BEFF /* AppDelegate.swift */,
				CF59E8122BFD78B00030BEFF /* SceneDelegate.swift */,
				CF59E8142BFD78B00030BEFF /* ViewController.swift */,
				CF59E8162BFD78B00030BEFF /* Main.storyboard */,
				CF59E8192BFD78B20030BEFF /* Assets.xcassets */,
				CF59E81B2BFD78B20030BEFF /* LaunchScreen.storyboard */,
				CF59E81E2BFD78B20030BEFF /* Info.plist */,
			);
			path = testing;
			sourceTree = "<group>";
		};
		CF59E8262BFD78B20030BEFF /* testingTests */ = {
			isa = PBXGroup;
			children = (
				CF59E8272BFD78B20030BEFF /* testingTests.swift */,
			);
			path = testingTests;
			sourceTree = "<group>";
		};
		CF59E8302BFD78B30030BEFF /* testingUITests */ = {
			isa = PBXGroup;
			children = (
				CF59E8312BFD78B30030BEFF /* testingUITests.swift */,
				CF59E8332BFD78B30030BEFF /* testingUITestsLaunchTests.swift */,
			);
			path = testingUITests;
			sourceTree = "<group>";
		};
/* End PBXGroup section */

/* Begin PBXNativeTarget section */
		CF59E80C2BFD78B00030BEFF /* testing */ = {
			isa = PBXNativeTarget;
			buildConfigurationList = CF59E8372BFD78B30030BEFF /* Build configuration list for PBXNativeTarget "testing" */;
			buildPhases = (
				CF59E8092BFD78B00030BEFF /* Sources */,
				CF59E80A2BFD78B00030BEFF /* Frameworks */,
				CF59E80B2BFD78B00030BEFF /* Resources */,
			);
			buildRules = (
			);
			dependencies = (
			);
			name = testing;
			productName = testing;
			productReference = CF59E80D2BFD78B00030BEFF /* testing.app */;
			productType = "com.apple.product-type.application";
		};
		CF59E8222BFD78B20030BEFF /* testingTests */ = {
			isa = PBXNativeTarget;
			buildConfigurationList = CF59E83A2BFD78B30030BEFF /* Build configuration list for PBXNativeTarget "testingTests" */;
			buildPhases = (
				CF59E81F2BFD78B20030BEFF /* Sources */,
				CF59E8202BFD78B20030BEFF /* Frameworks */,
				CF59E8212BFD78B20030BEFF /* Resources */,
			);
			buildRules = (
			);
			dependencies = (
				CF59E8252BFD78B20030BEFF /* PBXTargetDependency */,
			);
			name = testingTests;
			productName = testingTests;
			productReference = CF59E8232BFD78B20030BEFF /* testingTests.xctest */;
			productType = "com.apple.product-type.bundle.unit-test";
		};
		CF59E82C2BFD78B30030BEFF /* testingUITests */ = {
			isa = PBXNativeTarget;
			buildConfigurationList = CF59E83D2BFD78B30030BEFF /* Build configuration list for PBXNativeTarget "testingUITests" */;
			buildPhases = (
				CF59E8292BFD78B30030BEFF /* Sources */,
				CF59E82A2BFD78B30030BEFF /* Frameworks */,
				CF59E82B2BFD78B30030BEFF /* Resources */,
			);
			buildRules = (
			);
			dependencies = (
				CF59E82F2BFD78B30030BEFF /* PBXTargetDependency */,
			);
			name = testingUITests;
			productName = testingUITests;
			productReference = CF59E82D2BFD78B30030BEFF /* testingUITests.xctest */;
			productType = "com.apple.product-type.bundle.ui-testing";
		};
/* End PBXNativeTarget section */

/* Begin PBXProject section */
		CF59E8052BFD78B00030BEFF /* Project object */ = {
			isa = PBXProject;
			attributes = {
				BuildIndependentTargetsInParallel = 1;
				LastSwiftUpdateCheck = 1520;
				LastUpgradeCheck = 1520;
				TargetAttributes = {
					CF59E80C2BFD78B00030BEFF = {
						CreatedOnToolsVersion = 15.2;
					};
					CF59E8222BFD78B20030BEFF = {
						CreatedOnToolsVersion = 15.2;
						TestTargetID = CF59E80C2BFD78B00030BEFF;
					};
					CF59E82C2BFD78B30030BEFF = {
						CreatedOnToolsVersion = 15.2;
						TestTargetID = CF59E80C2BFD78B00030BEFF;
					};
				};
			};
			buildConfigurationList = CF59E8082BFD78B00030BEFF /* Build configuration list for PBXProject "testing" */;
			compatibilityVersion = "Xcode 14.0";
			developmentRegion = en;
			hasScannedForEncodings = 0;
			knownRegions = (
				en,
				Base,
			);
			mainGroup = CF59E8042BFD78B00030BEFF;
			productRefGroup = CF59E80E2BFD78B00030BEFF /* Products */;
			projectDirPath = "";
			projectRoot = "";
			targets = (
				CF59E80C2BFD78B00030BEFF /* testing */,
				CF59E8222BFD78B20030BEFF /* testingTests */,
				CF59E82C2BFD78B30030BEFF /* testingUITests */,
			);
		};
/* End PBXProject section */

/* Begin PBXResourcesBuildPhase section */
		CF59E80B2BFD78B00030BEFF /* Resources */ = {
			isa = PBXResourcesBuildPhase;
			buildActionMask = 2147483647;
			files = (
				CF59E81D2BFD78B20030BEFF /* LaunchScreen.storyboard in Resources */,
				CF59E81A2BFD78B20030BEFF /* Assets.xcassets in Resources */,
				CF59E8182BFD78B00030BEFF /* Main.storyboard in Resources */,
			);
			runOnlyForDeploymentPostprocessing = 0;
		};
		CF59E8212BFD78B20030BEFF /* Resources */ = {
			isa = PBXResourcesBuildPhase;
			buildActionMask = 2147483647;
			files = (
			);
			runOnlyForDeploymentPostprocessing = 0;
		};
		CF59E82B2BFD78B30030BEFF /* Resources */ = {
			isa = PBXResourcesBuildPhase;
			buildActionMask = 2147483647;
			files = (
			);
			runOnlyForDeploymentPostprocessing = 0;
		};
/* End PBXResourcesBuildPhase section */

/* Begin PBXSourcesBuildPhase section */
		CF59E8092BFD78B00030BEFF /* Sources */ = {
			isa = PBXSourcesBuildPhase;
			buildActionMask = 2147483647;
			files = (
				CF59E8152BFD78B00030BEFF /* ViewController.swift in Sources */,
				CF59E8112BFD78B00030BEFF /* AppDelegate.swift in Sources */,
				CF59E8132BFD78B00030BEFF /* SceneDelegate.swift in Sources */,
			);
			runOnlyForDeploymentPostprocessing = 0;
		};
		CF59E81F2BFD78B20030BEFF /* Sources */ = {
			isa = PBXSourcesBuildPhase;
			buildActionMask = 2147483647;
			files = (
				CF59E8282BFD78B20030BEFF /* testingTests.swift in Sources */,
			);
			runOnlyForDeploymentPostprocessing = 0;
		};
		CF59E8292BFD78B30030BEFF /* Sources */ = {
			isa = PBXSourcesBuildPhase;
			buildActionMask = 2147483647;
			files = (
				CF59E8322BFD78B30030BEFF /* testingUITests.swift in Sources */,
				CF59E8342BFD78B30030BEFF /* testingUITestsLaunchTests.swift in Sources */,
			);
			runOnlyForDeploymentPostprocessing = 0;
		};
/* End PBXSourcesBuildPhase section */

/* Begin PBXTargetDependency section */
		CF59E8252BFD78B20030BEFF /* PBXTargetDependency */ = {
			isa = PBXTargetDependency;
			target = CF59E80C2BFD78B00030BEFF /* testing */;
			targetProxy = CF59E8242BFD78B20030BEFF /* PBXContainerItemProxy */;
		};
		CF59E82F2BFD78B30030BEFF /* PBXTargetDependency */ = {
			isa = PBXTargetDependency;
			target = CF59E80C2BFD78B00030BEFF /* testing */;
			targetProxy = CF59E82E2BFD78B30030BEFF /* PBXContainerItemProxy */;
		};
/* End PBXTargetDependency section */

/* Begin PBXVariantGroup section */
		CF59E8162BFD78B00030BEFF /* Main.storyboard */ = {
			isa = PBXVariantGroup;
			children = (
				CF59E8172BFD78B00030BEFF /* Base */,
			);
			name = Main.storyboard;
			sourceTree = "<group>";
		};
		CF59E81B2BFD78B20030BEFF /* LaunchScreen.storyboard */ = {
			isa = PBXVariantGroup;
			children = (
				CF59E81C2BFD78B20030BEFF /* Base */,
			);
			name = LaunchScreen.storyboard;
			sourceTree = "<group>";
		};
/* End PBXVariantGroup section */

/* Begin XCBuildConfiguration section */
		CF59E8352BFD78B30030BEFF /* Debug */ = {
			isa = XCBuildConfiguration;
			buildSettings = {
				ALWAYS_SEARCH_USER_PATHS = NO;
				ASSETCATALOG_COMPILER_GENERATE_SWIFT_ASSET_SYMBOL_EXTENSIONS = YES;
				CLANG_ANALYZER_NONNULL = YES;
				CLANG_ANALYZER_NUMBER_OBJECT_CONVERSION = YES_AGGRESSIVE;
				CLANG_CXX_LANGUAGE_STANDARD = "gnu++20";
				CLANG_ENABLE_MODULES = YES;
				CLANG_ENABLE_OBJC_ARC = YES;
				CLANG_ENABLE_OBJC_WEAK = YES;
				CLANG_WARN_BLOCK_CAPTURE_AUTORELEASING = YES;
				CLANG_WARN_BOOL_CONVERSION = YES;
				CLANG_WARN_COMMA = YES;
				CLANG_WARN_CONSTANT_CONVERSION = YES;
				CLANG_WARN_DEPRECATED_OBJC_IMPLEMENTATIONS = YES;
				CLANG_WARN_DIRECT_OBJC_ISA_USAGE = YES_ERROR;
				CLANG_WARN_DOCUMENTATION_COMMENTS = YES;
				CLANG_WARN_EMPTY_BODY = YES;
				CLANG_WARN_ENUM_CONVERSION = YES;
				CLANG_WARN_INFINITE_RECURSION = YES;
				CLANG_WARN_INT_CONVERSION = YES;
				CLANG_WARN_NON_LITERAL_NULL_CONVERSION = YES;
				CLANG_WARN_OBJC_IMPLICIT_RETAIN_SELF = YES;
				CLANG_WARN_OBJC_LITERAL_CONVERSION = YES;
				CLANG_WARN_OBJC_ROOT_CLASS = YES_ERROR;
				CLANG_WARN_QUOTED_INCLUDE_IN_FRAMEWORK_HEADER = YES;
				CLANG_WARN_RANGE_LOOP_ANALYSIS = YES;
				CLANG_WARN_STRICT_PROTOTYPES = YES;
				CLANG_WARN_SUSPICIOUS_MOVE = YES;
				CLANG_WARN_UNGUARDED_AVAILABILITY = YES_AGGRESSIVE;
				CLANG_WARN_UNREACHABLE_CODE = YES;
				CLANG_WARN__DUPLICATE_METHOD_MATCH = YES;
				COPY_PHASE_STRIP = NO;
				DEBUG_INFORMATION_FORMAT = dwarf;
				ENABLE_STRICT_OBJC_MSGSEND = YES;
				ENABLE_TESTABILITY = YES;
				ENABLE_USER_SCRIPT_SANDBOXING = YES;
				GCC_C_LANGUAGE_STANDARD = gnu17;
				GCC_DYNAMIC_NO_PIC = NO;
				GCC_NO_COMMON_BLOCKS = YES;
				GCC_OPTIMIZATION_LEVEL = 0;
				GCC_PREPROCESSOR_DEFINITIONS = (
					"DEBUG=1",
					"$(inherited)",
				);
				GCC_WARN_64_TO_32_BIT_CONVERSION = YES;
				GCC_WARN_ABOUT_RETURN_TYPE = YES_ERROR;
				GCC_WARN_UNDECLARED_SELECTOR = YES;
				GCC_WARN_UNINITIALIZED_AUTOS = YES_AGGRESSIVE;
				GCC_WARN_UNUSED_FUNCTION = YES;
				GCC_WARN_UNUSED_VARIABLE = YES;
				IPHONEOS_DEPLOYMENT_TARGET = 17.2;
				LOCALIZATION_PREFERS_STRING_CATALOGS = YES;
				MTL_ENABLE_DEBUG_INFO = INCLUDE_SOURCE;
				MTL_FAST_MATH = YES;
				ONLY_ACTIVE_ARCH = YES;
				SDKROOT = iphoneos;
				SWIFT_ACTIVE_COMPILATION_CONDITIONS = "DEBUG $(inherited)";
				SWIFT_OPTIMIZATION_LEVEL = "-Onone";
			};
			name = Debug;
		};
		CF59E8362BFD78B30030BEFF /* Release */ = {
			isa = XCBuildConfiguration;
			buildSettings = {
				ALWAYS_SEARCH_USER_PATHS = NO;
				ASSETCATALOG_COMPILER_GENERATE_SWIFT_ASSET_SYMBOL_EXTENSIONS = YES;
				CLANG_ANALYZER_NONNULL = YES;
				CLANG_ANALYZER_NUMBER_OBJECT_CONVERSION = YES_AGGRESSIVE;
				CLANG_CXX_LANGUAGE_STANDARD = "gnu++20";
				CLANG_ENABLE_MODULES = YES;
				CLANG_ENABLE_OBJC_ARC = YES;
				CLANG_ENABLE_OBJC_WEAK = YES;
				CLANG_WARN_BLOCK_CAPTURE_AUTORELEASING = YES;
				CLANG_WARN_BOOL_CONVERSION = YES;
				CLANG_WARN_COMMA = YES;
				CLANG_WARN_CONSTANT_CONVERSION = YES;
				CLANG_WARN_DEPRECATED_OBJC_IMPLEMENTATIONS = YES;
				CLANG_WARN_DIRECT_OBJC_ISA_USAGE = YES_ERROR;
				CLANG_WARN_DOCUMENTATION_COMMENTS = YES;
				CLANG_WARN_EMPTY_BODY = YES;
				CLANG_WARN_ENUM_CONVERSION = YES;
				CLANG_WARN_INFINITE_RECURSION = YES;
				CLANG_WARN_INT_CONVERSION = YES;
				CLANG_WARN_NON_LITERAL_NULL_CONVERSION = YES;
				CLANG_WARN_OBJC_IMPLICIT_RETAIN_SELF = YES;
				CLANG_WARN_OBJC_LITERAL_CONVERSION = YES;
				CLANG_WARN_OBJC_ROOT_CLASS = YES_ERROR;
				CLANG_WARN_QUOTED_INCLUDE_IN_FRAMEWORK_HEADER = YES;
				CLANG_WARN_RANGE_LOOP_ANALYSIS = YES;
				CLANG_WARN_STRICT_PROTOTYPES = YES;
				CLANG_WARN_SUSPICIOUS_MOVE = YES;
				CLANG_WARN_UNGUARDED_AVAILABILITY = YES_AGGRESSIVE;
				CLANG_WARN_UNREACHABLE_CODE = YES;
				CLANG_WARN__DUPLICATE_METHOD_MATCH = YES;
				COPY_PHASE_STRIP = NO;
				DEBUG_INFORMATION_FORMAT = "dwarf-with-dsym";
				ENABLE_NS_ASSERTIONS = NO;
				ENABLE_STRICT_OBJC_MSGSEND = YES;
				ENABLE_USER_SCRIPT_SANDBOXING = YES;
				GCC_C_LANGUAGE_STANDARD = gnu17;
				GCC_NO_COMMON_BLOCKS = YES;
				GCC_WARN_64_TO_32_BIT_CONVERSION = YES;
				GCC_WARN_ABOUT_RETURN_TYPE = YES_ERROR;
				GCC_WARN_UNDECLARED_SELECTOR = YES;
				GCC_WARN_UNINITIALIZED_AUTOS = YES_AGGRESSIVE;
				GCC_WARN_UNUSED_FUNCTION = YES;
				GCC_WARN_UNUSED_VARIABLE = YES;
				IPHONEOS_DEPLOYMENT_TARGET = 17.2;
				LOCALIZATION_PREFERS_STRING_CATALOGS = YES;
				MTL_ENABLE_DEBUG_INFO = NO;
				MTL_FAST_MATH = YES;
				SDKROOT = iphoneos;
				SWIFT_COMPILATION_MODE = wholemodule;
				VALIDATE_PRODUCT = YES;
			};
			name = Release;
		};
		CF59E8382BFD78B30030BEFF /* Debug */ = {
			isa = XCBuildConfiguration;
			buildSettings = {
				ASSETCATALOG_COMPILER_APPICON_NAME = AppIcon;
				ASSETCATALOG_COMPILER_GLOBAL_ACCENT_COLOR_NAME = AccentColor;
				CODE_SIGN_STYLE = Automatic;
				CURRENT_PROJECT_VERSION = 1;
				DEVELOPMENT_TEAM = 2SV9BC39Q3;
				GENERATE_INFOPLIST_FILE = YES;
				INFOPLIST_FILE = testing/Info.plist;
				INFOPLIST_KEY_UIApplicationSupportsIndirectInputEvents = YES;
				INFOPLIST_KEY_UILaunchStoryboardName = LaunchScreen;
				INFOPLIST_KEY_UIMainStoryboardFile = Main;
				INFOPLIST_KEY_UISupportedInterfaceOrientations_iPad = "UIInterfaceOrientationPortrait UIInterfaceOrientationPortraitUpsideDown UIInterfaceOrientationLandscapeLeft UIInterfaceOrientationLandscapeRight";
				INFOPLIST_KEY_UISupportedInterfaceOrientations_iPhone = "UIInterfaceOrientationPortrait UIInterfaceOrientationLandscapeLeft UIInterfaceOrientationLandscapeRight";
				LD_RUNPATH_SEARCH_PATHS = (
					"$(inherited)",
					"@executable_path/Frameworks",
				);
				MARKETING_VERSION = 1.0;
				PRODUCT_BUNDLE_IDENTIFIER = com.sunmi.demo.testing;
				PRODUCT_NAME = "$(TARGET_NAME)";
				SWIFT_EMIT_LOC_STRINGS = YES;
				SWIFT_VERSION = 5.0;
				TARGETED_DEVICE_FAMILY = "1,2";
			};
			name = Debug;
		};
		CF59E8392BFD78B30030BEFF /* Release */ = {
			isa = XCBuildConfiguration;
			buildSettings = {
				ASSETCATALOG_COMPILER_APPICON_NAME = AppIcon;
				ASSETCATALOG_COMPILER_GLOBAL_ACCENT_COLOR_NAME = AccentColor;
				CODE_SIGN_STYLE = Automatic;
				CURRENT_PROJECT_VERSION = 1;
				DEVELOPMENT_TEAM = 2SV9BC39Q3;
				GENERATE_INFOPLIST_FILE = YES;
				INFOPLIST_FILE = testing/Info.plist;
				INFOPLIST_KEY_UIApplicationSupportsIndirectInputEvents = YES;
				INFOPLIST_KEY_UILaunchStoryboardName = LaunchScreen;
				INFOPLIST_KEY_UIMainStoryboardFile = Main;
				INFOPLIST_KEY_UISupportedInterfaceOrientations_iPad = "UIInterfaceOrientationPortrait UIInterfaceOrientationPortraitUpsideDown UIInterfaceOrientationLandscapeLeft UIInterfaceOrientationLandscapeRight";
				INFOPLIST_KEY_UISupportedInterfaceOrientations_iPhone = "UIInterfaceOrientationPortrait UIInterfaceOrientationLandscapeLeft UIInterfaceOrientationLandscapeRight";
				LD_RUNPATH_SEARCH_PATHS = (
					"$(inherited)",
					"@executable_path/Frameworks",
				);
				MARKETING_VERSION = 1.0;
				PRODUCT_BUNDLE_IDENTIFIER = com.sunmi.demo.testing;
				PRODUCT_NAME = "$(TARGET_NAME)";
				SWIFT_EMIT_LOC_STRINGS = YES;
				SWIFT_VERSION = 5.0;
				TARGETED_DEVICE_FAMILY = "1,2";
			};
			name = Release;
		};
		CF59E83B2BFD78B30030BEFF /* Debug */ = {
			isa = XCBuildConfiguration;
			buildSettings = {
				ALWAYS_EMBED_SWIFT_STANDARD_LIBRARIES = YES;
				BUNDLE_LOADER = "$(TEST_HOST)";
				CODE_SIGN_STYLE = Automatic;
				CURRENT_PROJECT_VERSION = 1;
				DEVELOPMENT_TEAM = 2SV9BC39Q3;
				GENERATE_INFOPLIST_FILE = YES;
				IPHONEOS_DEPLOYMENT_TARGET = 17.2;
				MARKETING_VERSION = 1.0;
				PRODUCT_BUNDLE_IDENTIFIER = com.sunmi.demo.testingTests;
				PRODUCT_NAME = "$(TARGET_NAME)";
				SWIFT_EMIT_LOC_STRINGS = NO;
				SWIFT_VERSION = 5.0;
				TARGETED_DEVICE_FAMILY = "1,2";
				TEST_HOST = "$(BUILT_PRODUCTS_DIR)/testing.app/$(BUNDLE_EXECUTABLE_FOLDER_PATH)/testing";
			};
			name = Debug;
		};
		CF59E83C2BFD78B30030BEFF /* Release */ = {
			isa = XCBuildConfiguration;
			buildSettings = {
				ALWAYS_EMBED_SWIFT_STANDARD_LIBRARIES = YES;
				BUNDLE_LOADER = "$(TEST_HOST)";
				CODE_SIGN_STYLE = Automatic;
				CURRENT_PROJECT_VERSION = 1;
				DEVELOPMENT_TEAM = 2SV9BC39Q3;
				GENERATE_INFOPLIST_FILE = YES;
				IPHONEOS_DEPLOYMENT_TARGET = 17.2;
				MARKETING_VERSION = 1.0;
				PRODUCT_BUNDLE_IDENTIFIER = com.sunmi.demo.testingTests;
				PRODUCT_NAME = "$(TARGET_NAME)";
				SWIFT_EMIT_LOC_STRINGS = NO;
				SWIFT_VERSION = 5.0;
				TARGETED_DEVICE_FAMILY = "1,2";
				TEST_HOST = "$(BUILT_PRODUCTS_DIR)/testing.app/$(BUNDLE_EXECUTABLE_FOLDER_PATH)/testing";
			};
			name = Release;
		};
		CF59E83E2BFD78B30030BEFF /* Debug */ = {
			isa = XCBuildConfiguration;
			buildSettings = {
				ALWAYS_EMBED_SWIFT_STANDARD_LIBRARIES = YES;
				CODE_SIGN_STYLE = Automatic;
				CURRENT_PROJECT_VERSION = 1;
				DEVELOPMENT_TEAM = 2SV9BC39Q3;
				GENERATE_INFOPLIST_FILE = YES;
				MARKETING_VERSION = 1.0;
				PRODUCT_BUNDLE_IDENTIFIER = com.sunmi.demo.testingUITests;
				PRODUCT_NAME = "$(TARGET_NAME)";
				SWIFT_EMIT_LOC_STRINGS = NO;
				SWIFT_VERSION = 5.0;
				TARGETED_DEVICE_FAMILY = "1,2";
				TEST_TARGET_NAME = testing;
			};
			name = Debug;
		};
		CF59E83F2BFD78B30030BEFF /* Release */ = {
			isa = XCBuildConfiguration;
			buildSettings = {
				ALWAYS_EMBED_SWIFT_STANDARD_LIBRARIES = YES;
				CODE_SIGN_STYLE = Automatic;
				CURRENT_PROJECT_VERSION = 1;
				DEVELOPMENT_TEAM = 2SV9BC39Q3;
				GENERATE_INFOPLIST_FILE = YES;
				MARKETING_VERSION = 1.0;
				PRODUCT_BUNDLE_IDENTIFIER = com.sunmi.demo.testingUITests;
				PRODUCT_NAME = "$(TARGET_NAME)";
				SWIFT_EMIT_LOC_STRINGS = NO;
				SWIFT_VERSION = 5.0;
				TARGETED_DEVICE_FAMILY = "1,2";
				TEST_TARGET_NAME = testing;
			};
			name = Release;
		};
/* End XCBuildConfiguration section */

/* Begin XCConfigurationList section */
		CF59E8082BFD78B00030BEFF /* Build configuration list for PBXProject "testing" */ = {
			isa = XCConfigurationList;
			buildConfigurations = (
				CF59E8352BFD78B30030BEFF /* Debug */,
				CF59E8362BFD78B30030BEFF /* Release */,
			);
			defaultConfigurationIsVisible = 0;
			defaultConfigurationName = Release;
		};
		CF59E8372BFD78B30030BEFF /* Build configuration list for PBXNativeTarget "testing" */ = {
			isa = XCConfigurationList;
			buildConfigurations = (
				CF59E8382BFD78B30030BEFF /* Debug */,
				CF59E8392BFD78B30030BEFF /* Release */,
			);
			defaultConfigurationIsVisible = 0;
			defaultConfigurationName = Release;
		};
		CF59E83A2BFD78B30030BEFF /* Build configuration list for PBXNativeTarget "testingTests" */ = {
			isa = XCConfigurationList;
			buildConfigurations = (
				CF59E83B2BFD78B30030BEFF /* Debug */,
				CF59E83C2BFD78B30030BEFF /* Release */,
			);
			defaultConfigurationIsVisible = 0;
			defaultConfigurationName = Release;
		};
		CF59E83D2BFD78B30030BEFF /* Build configuration list for PBXNativeTarget "testingUITests" */ = {
			isa = XCConfigurationList;
			buildConfigurations = (
				CF59E83E2BFD78B30030BEFF /* Debug */,
				CF59E83F2BFD78B30030BEFF /* Release */,
			);
			defaultConfigurationIsVisible = 0;
			defaultConfigurationName = Release;
		};
/* End XCConfigurationList section */
	};
	rootObject = CF59E8052BFD78B00030BEFF /* Project object */;
}
